
Microsoft Visual Studio Solution File, Format Version 12.00
# Visual Studio Version 17
VisualStudioVersion = 17.11.35219.272
MinimumVisualStudioVersion = 10.0.40219.1
Project("{9A19103F-16F7-4668-BE54-9A1E7A4F7556}") = "Mono.API", "source\Mono.API\Mono.API.csproj", "{9D767D4C-0B25-430F-B115-563B34DAA630}"
EndProject
Project("{FAE04EC0-301F-11D3-BF4B-00C04F79EFBC}") = "Mono.Tests", "tests\Mono.Tests\Mono.Tests.csproj", "{BFF0D1BF-9FB1-4F69-9D2B-D004AAB0F82B}"
EndProject
Global
	GlobalSection(SolutionConfigurationPlatforms) = preSolution
		Debug|Any CPU = Debug|Any CPU
		Release|Any CPU = Release|Any CPU
	EndGlobalSection
	GlobalSection(ProjectConfigurationPlatforms) = postSolution
		{9D767D4C-0B25-430F-B115-563B34DAA630}.Debug|Any CPU.ActiveCfg = Debug|Any CPU
		{9D767D4C-0B25-430F-B115-563B34DAA630}.Debug|Any CPU.Build.0 = Debug|Any CPU
		{9D767D4C-0B25-430F-B115-563B34DAA630}.Release|Any CPU.ActiveCfg = Release|Any CPU
		{9D767D4C-0B25-430F-B115-563B34DAA630}.Release|Any CPU.Build.0 = Release|Any CPU
		{BFF0D1BF-9FB1-4F69-9D2B-D004AAB0F82B}.Debug|Any CPU.ActiveCfg = Debug|Any CPU
		{BFF0D1BF-9FB1-4F69-9D2B-D004AAB0F82B}.Debug|Any CPU.Build.0 = Debug|Any CPU
		{BFF0D1BF-9FB1-4F69-9D2B-D004AAB0F82B}.Release|Any CPU.ActiveCfg = Release|Any CPU
		{BFF0D1BF-9FB1-4F69-9D2B-D004AAB0F82B}.Release|Any CPU.Build.0 = Release|Any CPU
	EndGlobalSection
	GlobalSection(SolutionProperties) = preSolution
		HideSolutionNode = FALSE
	EndGlobalSection
	GlobalSection(ExtensibilityGlobals) = postSolution
		SolutionGuid = {310856AC-7377-4DC3-86B2-860910B6D559}
	EndGlobalSection
EndGlobal
